
Microsoft Visual Studio Solution File, Format Version 12.00
# Visual Studio Version 17
VisualStudioVersion = 17.8.34309.116
MinimumVisualStudioVersion = 10.0.40219.1
Project("{9A19103F-16F7-4668-BE54-9A1E7A4F7556}") = "Gateway", "Gateway\Gateway.csproj", "{23B89DDD-4D23-48FA-B144-0BF4613215B6}"
EndProject
Project("{2150E333-8FDC-42A3-9474-1A3956D46DE8}") = "Common", "Common", "{C05820DD-49F0-4E90-97FA-5718A1B601C1}"
EndProject
Project("{9A19103F-16F7-4668-BE54-9A1E7A4F7556}") = "Common", "Common\Common.csproj", "{F7248A28-DD92-4F09-95FB-206747959FED}"
EndProject
Project("{9A19103F-16F7-4668-BE54-9A1E7A4F7556}") = "CrudBase", "CrudBase\CrudBase.csproj", "{D4BCBA50-FD5A-46C6-AA5B-591ECCC7F164}"
EndProject
Project("{9A19103F-16F7-4668-BE54-9A1E7A4F7556}") = "EmailNotification", "EmailNotification\EmailNotification.csproj", "{53E98B3D-7BD4-4381-B764-E74ABCD23E00}"
EndProject
Global
	GlobalSection(SolutionConfigurationPlatforms) = preSolution
		Debug|Any CPU = Debug|Any CPU
		Release|Any CPU = Release|Any CPU
	EndGlobalSection
	GlobalSection(ProjectConfigurationPlatforms) = postSolution
		{23B89DDD-4D23-48FA-B144-0BF4613215B6}.Debug|Any CPU.ActiveCfg = Debug|Any CPU
		{23B89DDD-4D23-48FA-B144-0BF4613215B6}.Debug|Any CPU.Build.0 = Debug|Any CPU
		{23B89DDD-4D23-48FA-B144-0BF4613215B6}.Release|Any CPU.ActiveCfg = Release|Any CPU
		{23B89DDD-4D23-48FA-B144-0BF4613215B6}.Release|Any CPU.Build.0 = Release|Any CPU
		{F7248A28-DD92-4F09-95FB-206747959FED}.Debug|Any CPU.ActiveCfg = Debug|Any CPU
		{F7248A28-DD92-4F09-95FB-206747959FED}.Debug|Any CPU.Build.0 = Debug|Any CPU
		{F7248A28-DD92-4F09-95FB-206747959FED}.Release|Any CPU.ActiveCfg = Release|Any CPU
		{F7248A28-DD92-4F09-95FB-206747959FED}.Release|Any CPU.Build.0 = Release|Any CPU
		{D4BCBA50-FD5A-46C6-AA5B-591ECCC7F164}.Debug|Any CPU.ActiveCfg = Debug|Any CPU
		{D4BCBA50-FD5A-46C6-AA5B-591ECCC7F164}.Debug|Any CPU.Build.0 = Debug|Any CPU
		{D4BCBA50-FD5A-46C6-AA5B-591ECCC7F164}.Release|Any CPU.ActiveCfg = Release|Any CPU
		{D4BCBA50-FD5A-46C6-AA5B-591ECCC7F164}.Release|Any CPU.Build.0 = Release|Any CPU
		{53E98B3D-7BD4-4381-B764-E74ABCD23E00}.Debug|Any CPU.ActiveCfg = Debug|Any CPU
		{53E98B3D-7BD4-4381-B764-E74ABCD23E00}.Debug|Any CPU.Build.0 = Debug|Any CPU
		{53E98B3D-7BD4-4381-B764-E74ABCD23E00}.Release|Any CPU.ActiveCfg = Release|Any CPU
		{53E98B3D-7BD4-4381-B764-E74ABCD23E00}.Release|Any CPU.Build.0 = Release|Any CPU
	EndGlobalSection
	GlobalSection(SolutionProperties) = preSolution
		HideSolutionNode = FALSE
	EndGlobalSection
	GlobalSection(NestedProjects) = preSolution
		{F7248A28-DD92-4F09-95FB-206747959FED} = {C05820DD-49F0-4E90-97FA-5718A1B601C1}
		{D4BCBA50-FD5A-46C6-AA5B-591ECCC7F164} = {C05820DD-49F0-4E90-97FA-5718A1B601C1}
	EndGlobalSection
	GlobalSection(ExtensibilityGlobals) = postSolution
		SolutionGuid = {8B4AFCAE-49ED-4C0C-B9E4-BB293418E82E}
	EndGlobalSection
EndGlobal
