
Microsoft Visual Studio Solution File, Format Version 12.00
# Visual Studio Version 17
VisualStudioVersion = 17.8.34309.116
MinimumVisualStudioVersion = 10.0.40219.1
Project("{9A19103F-16F7-4668-BE54-9A1E7A4F7556}") = "Gateway", "Gateway\Gateway.csproj", "{23B89DDD-4D23-48FA-B144-0BF4613215B6}"
EndProject
Project("{2150E333-8FDC-42A3-9474-1A3956D46DE8}") = "Common", "Common", "{C05820DD-49F0-4E90-97FA-5718A1B601C1}"
EndProject
Project("{9A19103F-16F7-4668-BE54-9A1E7A4F7556}") = "Common", "Common\Common.csproj", "{F7248A28-DD92-4F09-95FB-206747959FED}"
EndProject
Project("{9A19103F-16F7-4668-BE54-9A1E7A4F7556}") = "CrudBase", "CrudBase\CrudBase.csproj", "{D4BCBA50-FD5A-46C6-AA5B-591ECCC7F164}"
EndProject
<<<<<<< HEAD
Project("{2150E333-8FDC-42A3-9474-1A3956D46DE8}") = "User", "User", "{350EBBC7-0091-47FD-8806-7D2EF0BC0411}"
EndProject
Project("{9A19103F-16F7-4668-BE54-9A1E7A4F7556}") = "ServiceDesk.User.Api", "ServiceDesk.User.Api\ServiceDesk.User.Api.csproj", "{91DD396D-A680-4C83-B569-7A3F5920F3BC}"
EndProject
Project("{9A19103F-16F7-4668-BE54-9A1E7A4F7556}") = "ServiceDesk.User.Storage", "ServiceDesk.User.Storage\ServiceDesk.User.Storage.csproj", "{5259D10C-EB0B-478E-8EBA-7D2DD4DE1D08}"
EndProject
Project("{9A19103F-16F7-4668-BE54-9A1E7A4F7556}") = "ServiceDesk.User.CrossCutting", "ServiceDesk.User.CrossCutting\ServiceDesk.User.CrossCutting.csproj", "{B405DBB8-372B-4E25-8030-6E69D3758A7B}"
EndProject
<<<<<<< Updated upstream
=======
Project("{9A19103F-16F7-4668-BE54-9A1E7A4F7556}") = "ServiceDesk.Authorization.Api", "ServiceDesk.Authorization.Api\ServiceDesk.Authorization.Api.csproj", "{2A8BC4FC-F0B5-4E67-8394-F51EB87A7BE0}"
EndProject
Project("{9A19103F-16F7-4668-BE54-9A1E7A4F7556}") = "ServiceDesk.Authorization.CrossCutting", "ServiceDesk.Authorization.CrossCutting\ServiceDesk.Authorization.CrossCutting.csproj", "{D39BEB46-3D97-4F52-A26C-3E0FE5AB0AF7}"
EndProject
Project("{FAE04EC0-301F-11D3-BF4B-00C04F79EFBC}") = "ServiceDesk.Authorization.Storage", "ServiceDesk.Authorization.Storage\ServiceDesk.Authorization.Storage.csproj", "{DDF03EBC-ED8B-4AA5-AD61-215E92778872}"
=======
Project("{9A19103F-16F7-4668-BE54-9A1E7A4F7556}") = "EmailNotification", "EmailNotification\EmailNotification.csproj", "{53E98B3D-7BD4-4381-B764-E74ABCD23E00}"
>>>>>>> 069666aaaa37ef8f92efb9925f3d81801e1e9cab
Project("{9A19103F-16F7-4668-BE54-9A1E7A4F7556}") = "ServiceDesk.Authorization.Storage", "ServiceDesk.Authorization.Storage\ServiceDesk.Authorization.Storage.csproj", "{DDF03EBC-ED8B-4AA5-AD61-215E92778872}"
EndProject
Project("{9A19103F-16F7-4668-BE54-9A1E7A4F7556}") = "EmailNotification", "EmailNotification\EmailNotification.csproj", "{53E98B3D-7BD4-4381-B764-E74ABCD23E00}"
EndProject
>>>>>>> Stashed changes
Global
	GlobalSection(SolutionConfigurationPlatforms) = preSolution
		Debug|Any CPU = Debug|Any CPU
		Release|Any CPU = Release|Any CPU
	EndGlobalSection
	GlobalSection(ProjectConfigurationPlatforms) = postSolution
		{23B89DDD-4D23-48FA-B144-0BF4613215B6}.Debug|Any CPU.ActiveCfg = Debug|Any CPU
		{23B89DDD-4D23-48FA-B144-0BF4613215B6}.Debug|Any CPU.Build.0 = Debug|Any CPU
		{23B89DDD-4D23-48FA-B144-0BF4613215B6}.Release|Any CPU.ActiveCfg = Release|Any CPU
		{23B89DDD-4D23-48FA-B144-0BF4613215B6}.Release|Any CPU.Build.0 = Release|Any CPU
		{F7248A28-DD92-4F09-95FB-206747959FED}.Debug|Any CPU.ActiveCfg = Debug|Any CPU
		{F7248A28-DD92-4F09-95FB-206747959FED}.Debug|Any CPU.Build.0 = Debug|Any CPU
		{F7248A28-DD92-4F09-95FB-206747959FED}.Release|Any CPU.ActiveCfg = Release|Any CPU
		{F7248A28-DD92-4F09-95FB-206747959FED}.Release|Any CPU.Build.0 = Release|Any CPU
		{D4BCBA50-FD5A-46C6-AA5B-591ECCC7F164}.Debug|Any CPU.ActiveCfg = Debug|Any CPU
		{D4BCBA50-FD5A-46C6-AA5B-591ECCC7F164}.Debug|Any CPU.Build.0 = Debug|Any CPU
		{D4BCBA50-FD5A-46C6-AA5B-591ECCC7F164}.Release|Any CPU.ActiveCfg = Release|Any CPU
		{D4BCBA50-FD5A-46C6-AA5B-591ECCC7F164}.Release|Any CPU.Build.0 = Release|Any CPU
<<<<<<< HEAD
		{91DD396D-A680-4C83-B569-7A3F5920F3BC}.Debug|Any CPU.ActiveCfg = Debug|Any CPU
		{91DD396D-A680-4C83-B569-7A3F5920F3BC}.Debug|Any CPU.Build.0 = Debug|Any CPU
		{91DD396D-A680-4C83-B569-7A3F5920F3BC}.Release|Any CPU.ActiveCfg = Release|Any CPU
		{91DD396D-A680-4C83-B569-7A3F5920F3BC}.Release|Any CPU.Build.0 = Release|Any CPU
		{5259D10C-EB0B-478E-8EBA-7D2DD4DE1D08}.Debug|Any CPU.ActiveCfg = Debug|Any CPU
		{5259D10C-EB0B-478E-8EBA-7D2DD4DE1D08}.Debug|Any CPU.Build.0 = Debug|Any CPU
		{5259D10C-EB0B-478E-8EBA-7D2DD4DE1D08}.Release|Any CPU.ActiveCfg = Release|Any CPU
		{5259D10C-EB0B-478E-8EBA-7D2DD4DE1D08}.Release|Any CPU.Build.0 = Release|Any CPU
		{B405DBB8-372B-4E25-8030-6E69D3758A7B}.Debug|Any CPU.ActiveCfg = Debug|Any CPU
		{B405DBB8-372B-4E25-8030-6E69D3758A7B}.Debug|Any CPU.Build.0 = Debug|Any CPU
		{B405DBB8-372B-4E25-8030-6E69D3758A7B}.Release|Any CPU.ActiveCfg = Release|Any CPU
		{B405DBB8-372B-4E25-8030-6E69D3758A7B}.Release|Any CPU.Build.0 = Release|Any CPU
<<<<<<< Updated upstream
=======
		{2A8BC4FC-F0B5-4E67-8394-F51EB87A7BE0}.Debug|Any CPU.ActiveCfg = Debug|Any CPU
		{2A8BC4FC-F0B5-4E67-8394-F51EB87A7BE0}.Debug|Any CPU.Build.0 = Debug|Any CPU
		{2A8BC4FC-F0B5-4E67-8394-F51EB87A7BE0}.Release|Any CPU.ActiveCfg = Release|Any CPU
		{2A8BC4FC-F0B5-4E67-8394-F51EB87A7BE0}.Release|Any CPU.Build.0 = Release|Any CPU
		{D39BEB46-3D97-4F52-A26C-3E0FE5AB0AF7}.Debug|Any CPU.ActiveCfg = Debug|Any CPU
		{D39BEB46-3D97-4F52-A26C-3E0FE5AB0AF7}.Debug|Any CPU.Build.0 = Debug|Any CPU
		{D39BEB46-3D97-4F52-A26C-3E0FE5AB0AF7}.Release|Any CPU.ActiveCfg = Release|Any CPU
		{D39BEB46-3D97-4F52-A26C-3E0FE5AB0AF7}.Release|Any CPU.Build.0 = Release|Any CPU
		{DDF03EBC-ED8B-4AA5-AD61-215E92778872}.Debug|Any CPU.ActiveCfg = Debug|Any CPU
		{DDF03EBC-ED8B-4AA5-AD61-215E92778872}.Debug|Any CPU.Build.0 = Debug|Any CPU
		{DDF03EBC-ED8B-4AA5-AD61-215E92778872}.Release|Any CPU.ActiveCfg = Release|Any CPU
		{DDF03EBC-ED8B-4AA5-AD61-215E92778872}.Release|Any CPU.Build.0 = Release|Any CPU
=======
		{53E98B3D-7BD4-4381-B764-E74ABCD23E00}.Debug|Any CPU.ActiveCfg = Debug|Any CPU
		{53E98B3D-7BD4-4381-B764-E74ABCD23E00}.Debug|Any CPU.Build.0 = Debug|Any CPU
		{53E98B3D-7BD4-4381-B764-E74ABCD23E00}.Release|Any CPU.ActiveCfg = Release|Any CPU
		{53E98B3D-7BD4-4381-B764-E74ABCD23E00}.Release|Any CPU.Build.0 = Release|Any CPU
>>>>>>> 069666aaaa37ef8f92efb9925f3d81801e1e9cab
		{53E98B3D-7BD4-4381-B764-E74ABCD23E00}.Debug|Any CPU.ActiveCfg = Debug|Any CPU
		{53E98B3D-7BD4-4381-B764-E74ABCD23E00}.Debug|Any CPU.Build.0 = Debug|Any CPU
		{53E98B3D-7BD4-4381-B764-E74ABCD23E00}.Release|Any CPU.ActiveCfg = Release|Any CPU
		{53E98B3D-7BD4-4381-B764-E74ABCD23E00}.Release|Any CPU.Build.0 = Release|Any CPU
>>>>>>> Stashed changes
	EndGlobalSection
	GlobalSection(SolutionProperties) = preSolution
		HideSolutionNode = FALSE
	EndGlobalSection
	GlobalSection(NestedProjects) = preSolution
		{F7248A28-DD92-4F09-95FB-206747959FED} = {C05820DD-49F0-4E90-97FA-5718A1B601C1}
		{D4BCBA50-FD5A-46C6-AA5B-591ECCC7F164} = {C05820DD-49F0-4E90-97FA-5718A1B601C1}
		{91DD396D-A680-4C83-B569-7A3F5920F3BC} = {350EBBC7-0091-47FD-8806-7D2EF0BC0411}
		{5259D10C-EB0B-478E-8EBA-7D2DD4DE1D08} = {350EBBC7-0091-47FD-8806-7D2EF0BC0411}
		{B405DBB8-372B-4E25-8030-6E69D3758A7B} = {350EBBC7-0091-47FD-8806-7D2EF0BC0411}
	EndGlobalSection
	GlobalSection(ExtensibilityGlobals) = postSolution
		SolutionGuid = {8B4AFCAE-49ED-4C0C-B9E4-BB293418E82E}
	EndGlobalSection
EndGlobal
